
Microsoft Visual Studio Solution File, Format Version 12.00
# Visual Studio Version 17
VisualStudioVersion = 17.4.33110.190
MinimumVisualStudioVersion = 10.0.40219.1
Project("{FAE04EC0-301F-11D3-BF4B-00C04F79EFBC}") = "Team3Project", "Team3Project\Team3Project.csproj", "{3C7B2E9C-82EC-4763-A79D-3B6A27348C7B}"
EndProject
Global
	GlobalSection(SolutionConfigurationPlatforms) = preSolution
		Debug|Any CPU = Debug|Any CPU
		Release|Any CPU = Release|Any CPU
	EndGlobalSection
	GlobalSection(ProjectConfigurationPlatforms) = postSolution
		{3C7B2E9C-82EC-4763-A79D-3B6A27348C7B}.Debug|Any CPU.ActiveCfg = Debug|Any CPU
		{3C7B2E9C-82EC-4763-A79D-3B6A27348C7B}.Debug|Any CPU.Build.0 = Debug|Any CPU
		{3C7B2E9C-82EC-4763-A79D-3B6A27348C7B}.Release|Any CPU.ActiveCfg = Release|Any CPU
		{3C7B2E9C-82EC-4763-A79D-3B6A27348C7B}.Release|Any CPU.Build.0 = Release|Any CPU
	EndGlobalSection
	GlobalSection(SolutionProperties) = preSolution
		HideSolutionNode = FALSE
	EndGlobalSection
	GlobalSection(ExtensibilityGlobals) = postSolution
		SolutionGuid = {4E197DAA-D060-4EC1-87A9-07A1BF4CAA6E}
	EndGlobalSection
EndGlobal
